
Microsoft Visual Studio Solution File, Format Version 12.00
Project("{FAE04EC0-301F-11D3-BF4B-00C04F79EFBC}") = "LifeConsolidated", "LifeConsolidated.csproj", "{B5C1A9C2-D21F-44FA-952B-9A3582F37630}"
EndProject
Global
	GlobalSection(SolutionConfigurationPlatforms) = preSolution
		Debug|Any CPU = Debug|Any CPU
		Release|Any CPU = Release|Any CPU
	EndGlobalSection
	GlobalSection(ProjectConfigurationPlatforms) = postSolution
		{B5C1A9C2-D21F-44FA-952B-9A3582F37630}.Debug|Any CPU.ActiveCfg = Debug|Any CPU
		{B5C1A9C2-D21F-44FA-952B-9A3582F37630}.Debug|Any CPU.Build.0 = Debug|Any CPU
		{B5C1A9C2-D21F-44FA-952B-9A3582F37630}.Release|Any CPU.ActiveCfg = Release|Any CPU
		{B5C1A9C2-D21F-44FA-952B-9A3582F37630}.Release|Any CPU.Build.0 = Release|Any CPU
	EndGlobalSection
EndGlobal
